
Microsoft Visual Studio Solution File, Format Version 12.00
Project("{FAE04EC0-301F-11D3-BF4B-00C04F79EFBC}") = "ProyectoClaseQ4", "ProyectoClaseQ4\ProyectoClaseQ4.csproj", "{36314343-0256-47D7-B055-30079FADEA72}"
EndProject
Global
	GlobalSection(SolutionConfigurationPlatforms) = preSolution
		Debug|Any CPU = Debug|Any CPU
		Release|Any CPU = Release|Any CPU
	EndGlobalSection
	GlobalSection(ProjectConfigurationPlatforms) = postSolution
		{36314343-0256-47D7-B055-30079FADEA72}.Debug|Any CPU.ActiveCfg = Debug|Any CPU
		{36314343-0256-47D7-B055-30079FADEA72}.Debug|Any CPU.Build.0 = Debug|Any CPU
		{36314343-0256-47D7-B055-30079FADEA72}.Release|Any CPU.ActiveCfg = Release|Any CPU
		{36314343-0256-47D7-B055-30079FADEA72}.Release|Any CPU.Build.0 = Release|Any CPU
	EndGlobalSection
EndGlobal
